
Microsoft Visual Studio Solution File, Format Version 12.00
# Visual Studio 15
VisualStudioVersion = 15.0.28307.1738
MinimumVisualStudioVersion = 10.0.40219.1
Project("{F184B08F-C81C-45F6-A57F-5ABD9991F28F}") = "Cuenta", "Cuenta\Cuenta.vbproj", "{B36A093D-F2BA-4D2B-9CA4-1673CAFC186C}"
EndProject
Global
	GlobalSection(SolutionConfigurationPlatforms) = preSolution
		Debug|Any CPU = Debug|Any CPU
		Release|Any CPU = Release|Any CPU
	EndGlobalSection
	GlobalSection(ProjectConfigurationPlatforms) = postSolution
		{B36A093D-F2BA-4D2B-9CA4-1673CAFC186C}.Debug|Any CPU.ActiveCfg = Debug|Any CPU
		{B36A093D-F2BA-4D2B-9CA4-1673CAFC186C}.Debug|Any CPU.Build.0 = Debug|Any CPU
		{B36A093D-F2BA-4D2B-9CA4-1673CAFC186C}.Release|Any CPU.ActiveCfg = Release|Any CPU
		{B36A093D-F2BA-4D2B-9CA4-1673CAFC186C}.Release|Any CPU.Build.0 = Release|Any CPU
	EndGlobalSection
	GlobalSection(SolutionProperties) = preSolution
		HideSolutionNode = FALSE
	EndGlobalSection
	GlobalSection(ExtensibilityGlobals) = postSolution
		SolutionGuid = {252DF8DA-5ED0-4B59-939E-EDA5EAC5EB50}
	EndGlobalSection
EndGlobal
